# This file is automatically @generated by Cargo.
# It is not intended for manual editing.
version = 3

[[package]]
name = "aho-corasick"
version = "1.1.2"
source = "registry+https://github.com/rust-lang/crates.io-index"
checksum = "b2969dcb958b36655471fc61f7e416fa76033bdd4bfed0678d8fee1e2d07a1f0"
dependencies = [
 "memchr",
]

[[package]]
name = "anstream"
version = "0.6.13"
source = "registry+https://github.com/rust-lang/crates.io-index"
checksum = "d96bd03f33fe50a863e394ee9718a706f988b9079b20c3784fb726e7678b62fb"
dependencies = [
 "anstyle",
 "anstyle-parse",
 "anstyle-query",
 "anstyle-wincon",
 "colorchoice",
 "utf8parse",
]

[[package]]
name = "anstyle"
version = "1.0.6"
source = "registry+https://github.com/rust-lang/crates.io-index"
checksum = "8901269c6307e8d93993578286ac0edf7f195079ffff5ebdeea6a59ffb7e36bc"

[[package]]
name = "anstyle-parse"
version = "0.2.3"
source = "registry+https://github.com/rust-lang/crates.io-index"
checksum = "c75ac65da39e5fe5ab759307499ddad880d724eed2f6ce5b5e8a26f4f387928c"
dependencies = [
 "utf8parse",
]

[[package]]
name = "anstyle-query"
version = "1.0.2"
source = "registry+https://github.com/rust-lang/crates.io-index"
checksum = "e28923312444cdd728e4738b3f9c9cac739500909bb3d3c94b43551b16517648"
dependencies = [
 "windows-sys",
]

[[package]]
name = "anstyle-wincon"
version = "3.0.2"
source = "registry+https://github.com/rust-lang/crates.io-index"
checksum = "1cd54b81ec8d6180e24654d0b371ad22fc3dd083b6ff8ba325b72e00c87660a7"
dependencies = [
 "anstyle",
 "windows-sys",
]

[[package]]
name = "assert_cmd"
version = "2.0.14"
source = "registry+https://github.com/rust-lang/crates.io-index"
checksum = "ed72493ac66d5804837f480ab3766c72bdfab91a65e565fc54fa9e42db0073a8"
dependencies = [
 "anstyle",
 "bstr",
 "doc-comment",
 "predicates",
 "predicates-core",
 "predicates-tree",
 "wait-timeout",
]

[[package]]
name = "autocfg"
version = "1.1.0"
source = "registry+https://github.com/rust-lang/crates.io-index"
checksum = "d468802bab17cbc0cc575e9b053f41e72aa36bfa6b7f55e3529ffa43161b97fa"

[[package]]
name = "bitflags"
version = "1.3.2"
source = "registry+https://github.com/rust-lang/crates.io-index"
checksum = "bef38d45163c2f1dde094a7dfd33ccf595c92905c8f8f4fdc18d06fb1037718a"

[[package]]
name = "bstr"
version = "1.9.1"
source = "registry+https://github.com/rust-lang/crates.io-index"
checksum = "05efc5cfd9110c8416e471df0e96702d58690178e206e61b7173706673c93706"
dependencies = [
 "memchr",
 "regex-automata",
 "serde",
]

[[package]]
name = "bytemuck"
version = "1.14.3"
source = "registry+https://github.com/rust-lang/crates.io-index"
checksum = "a2ef034f05691a48569bd920a96c81b9d91bbad1ab5ac7c4616c1f6ef36cb79f"
dependencies = [
 "bytemuck_derive",
]

[[package]]
name = "bytemuck_derive"
version = "1.5.0"
source = "registry+https://github.com/rust-lang/crates.io-index"
checksum = "965ab7eb5f8f97d2a083c799f3a1b994fc397b2fe2da5d1da1626ce15a39f2b1"
dependencies = [
 "proc-macro2",
 "quote",
 "syn",
]

[[package]]
name = "cfg-if"
version = "1.0.0"
source = "registry+https://github.com/rust-lang/crates.io-index"
checksum = "baf1de4339761588bc0619e3cbc0120ee582ebb74b53b4efbf79117bd2da40fd"

[[package]]
name = "clap"
version = "4.5.2"
source = "registry+https://github.com/rust-lang/crates.io-index"
checksum = "b230ab84b0ffdf890d5a10abdbc8b83ae1c4918275daea1ab8801f71536b2651"
dependencies = [
 "clap_builder",
 "clap_derive",
]

[[package]]
name = "clap_builder"
version = "4.5.2"
source = "registry+https://github.com/rust-lang/crates.io-index"
checksum = "ae129e2e766ae0ec03484e609954119f123cc1fe650337e155d03b022f24f7b4"
dependencies = [
 "anstream",
 "anstyle",
 "clap_lex",
 "strsim",
]

[[package]]
name = "clap_derive"
version = "4.5.0"
source = "registry+https://github.com/rust-lang/crates.io-index"
checksum = "307bc0538d5f0f83b8248db3087aa92fe504e4691294d0c96c0eabc33f47ba47"
dependencies = [
 "heck",
 "proc-macro2",
 "quote",
 "syn",
]

[[package]]
name = "clap_lex"
version = "0.7.0"
source = "registry+https://github.com/rust-lang/crates.io-index"
checksum = "98cc8fbded0c607b7ba9dd60cd98df59af97e84d24e49c8557331cfc26d301ce"

[[package]]
name = "colorchoice"
version = "1.0.0"
source = "registry+https://github.com/rust-lang/crates.io-index"
checksum = "acbf1af155f9b9ef647e42cdc158db4b64a1b61f743629225fde6f3e0be2a7c7"

[[package]]
name = "crossbeam-deque"
version = "0.8.5"
source = "registry+https://github.com/rust-lang/crates.io-index"
checksum = "613f8cc01fe9cf1a3eb3d7f488fd2fa8388403e97039e2f73692932e291a770d"
dependencies = [
 "crossbeam-epoch",
 "crossbeam-utils",
]

[[package]]
name = "crossbeam-epoch"
version = "0.9.18"
source = "registry+https://github.com/rust-lang/crates.io-index"
checksum = "5b82ac4a3c2ca9c3460964f020e1402edd5753411d7737aa39c3714ad1b5420e"
dependencies = [
 "crossbeam-utils",
]

[[package]]
name = "crossbeam-utils"
version = "0.8.19"
source = "registry+https://github.com/rust-lang/crates.io-index"
checksum = "248e3bacc7dc6baa3b21e405ee045c3047101a49145e7e9eca583ab4c2ca5345"

[[package]]
name = "crunchy"
version = "0.2.2"
source = "registry+https://github.com/rust-lang/crates.io-index"
checksum = "7a81dae078cea95a014a339291cec439d2f232ebe854a9d672b796c6afafa9b7"

[[package]]
name = "cudarc"
version = "0.9.15"
source = "registry+https://github.com/rust-lang/crates.io-index"
checksum = "f1871a911a2b9a3f66a285896a719159985683bf9903aa2cf89e0c9f53e14552"

[[package]]
name = "dfdx"
version = "0.13.0"
source = "git+https://github.com/coreylowman/dfdx.git?rev=f4f7165#f4f7165da521966aea5c655d32a0a7c5637b7cff"
dependencies = [
 "dfdx-core",
 "dfdx-derives",
 "num-traits",
 "rand_distr",
]

[[package]]
name = "dfdx-core"
version = "0.13.0"
source = "git+https://github.com/coreylowman/dfdx.git?rev=f4f7165#f4f7165da521966aea5c655d32a0a7c5637b7cff"
dependencies = [
 "cudarc",
 "gemm",
 "libm",
 "num-traits",
 "rand",
 "rand_distr",
 "rayon",
]

[[package]]
name = "dfdx-derives"
version = "0.13.0"
source = "git+https://github.com/coreylowman/dfdx.git?rev=f4f7165#f4f7165da521966aea5c655d32a0a7c5637b7cff"
dependencies = [
 "dfdx-core",
 "proc-macro2",
 "quote",
 "syn",
]

[[package]]
name = "difflib"
version = "0.4.0"
source = "registry+https://github.com/rust-lang/crates.io-index"
checksum = "6184e33543162437515c2e2b48714794e37845ec9851711914eec9d308f6ebe8"

[[package]]
name = "doc-comment"
version = "0.3.3"
source = "registry+https://github.com/rust-lang/crates.io-index"
checksum = "fea41bba32d969b513997752735605054bc0dfa92b4c56bf1189f2e174be7a10"

[[package]]
name = "dyn-stack"
version = "0.10.0"
source = "registry+https://github.com/rust-lang/crates.io-index"
checksum = "56e53799688f5632f364f8fb387488dd05db9fe45db7011be066fc20e7027f8b"
dependencies = [
 "bytemuck",
 "reborrow",
]

[[package]]
name = "either"
version = "1.10.0"
source = "registry+https://github.com/rust-lang/crates.io-index"
checksum = "11157ac094ffbdde99aa67b23417ebdd801842852b500e395a45a9c0aac03e4a"

[[package]]
name = "float-cmp"
version = "0.9.0"
source = "registry+https://github.com/rust-lang/crates.io-index"
checksum = "98de4bbd547a563b716d8dfa9aad1cb19bfab00f4fa09a6a4ed21dbcf44ce9c4"
dependencies = [
 "num-traits",
]

[[package]]
name = "gemm"
version = "0.16.15"
source = "registry+https://github.com/rust-lang/crates.io-index"
checksum = "5b3afa707040531a7527477fd63a81ea4f6f3d26037a2f96776e57fb843b258e"
dependencies = [
 "dyn-stack",
 "gemm-c32",
 "gemm-c64",
 "gemm-common",
 "gemm-f16",
 "gemm-f32",
 "gemm-f64",
 "num-complex",
 "num-traits",
 "paste",
 "raw-cpuid",
 "seq-macro",
]

[[package]]
name = "gemm-c32"
version = "0.16.15"
source = "registry+https://github.com/rust-lang/crates.io-index"
checksum = "1cc3973a4c30c73f26a099113953d0c772bb17ee2e07976c0a06b8fe1f38a57d"
dependencies = [
 "dyn-stack",
 "gemm-common",
 "num-complex",
 "num-traits",
 "paste",
 "raw-cpuid",
 "seq-macro",
]

[[package]]
name = "gemm-c64"
version = "0.16.15"
source = "registry+https://github.com/rust-lang/crates.io-index"
checksum = "30362894b93dada374442cb2edf4512ddf19513c9bec88e06a445bcb6b22e64f"
dependencies = [
 "dyn-stack",
 "gemm-common",
 "num-complex",
 "num-traits",
 "paste",
 "raw-cpuid",
 "seq-macro",
]

[[package]]
name = "gemm-common"
version = "0.16.15"
source = "registry+https://github.com/rust-lang/crates.io-index"
checksum = "988499faa80566b046b4fee2c5f15af55b5a20c1fe8486b112ebb34efa045ad6"
dependencies = [
 "bytemuck",
 "dyn-stack",
 "half",
 "num-complex",
 "num-traits",
 "once_cell",
 "paste",
 "pulp",
 "raw-cpuid",
 "rayon",
 "seq-macro",
]

[[package]]
name = "gemm-f16"
version = "0.16.15"
source = "registry+https://github.com/rust-lang/crates.io-index"
checksum = "d6cf2854a12371684c38d9a865063a27661812a3ff5803454c5742e8f5a388ce"
dependencies = [
 "dyn-stack",
 "gemm-common",
 "gemm-f32",
 "half",
 "num-complex",
 "num-traits",
 "paste",
 "raw-cpuid",
 "rayon",
 "seq-macro",
]

[[package]]
name = "gemm-f32"
version = "0.16.15"
source = "registry+https://github.com/rust-lang/crates.io-index"
checksum = "0bc84003cf6d950a7c7ca714ad6db281b6cef5c7d462f5cd9ad90ea2409c7227"
dependencies = [
 "dyn-stack",
 "gemm-common",
 "num-complex",
 "num-traits",
 "paste",
 "raw-cpuid",
 "seq-macro",
]

[[package]]
name = "gemm-f64"
version = "0.16.15"
source = "registry+https://github.com/rust-lang/crates.io-index"
checksum = "35187ef101a71eed0ecd26fb4a6255b4192a12f1c5335f3a795698f2d9b6cf33"
dependencies = [
 "dyn-stack",
 "gemm-common",
 "num-complex",
 "num-traits",
 "paste",
 "raw-cpuid",
 "seq-macro",
]

[[package]]
name = "getrandom"
version = "0.2.12"
source = "registry+https://github.com/rust-lang/crates.io-index"
checksum = "190092ea657667030ac6a35e305e62fc4dd69fd98ac98631e5d3a2b1575a12b5"
dependencies = [
 "cfg-if",
 "libc",
 "wasi",
]

[[package]]
name = "gymnasium"
version = "0.0.1"
dependencies = [
 "dfdx",
 "gymnasium_sys",
 "itertools",
 "ndarray",
 "num-traits",
 "numpy",
 "pyo3",
 "rand",
 "thiserror",
]

[[package]]
name = "gymnasium_cli"
version = "0.0.1"
dependencies = [
 "assert_cmd",
 "clap",
 "gymnasium",
 "predicates",
]

[[package]]
name = "gymnasium_py"
version = "0.0.1"
dependencies = [
 "gymnasium",
 "pyo3",
]

[[package]]
name = "gymnasium_sys"
version = "0.0.1"
dependencies = [
 "pyo3",
 "pyo3_bindgen",
]

[[package]]
name = "half"
version = "2.4.0"
source = "registry+https://github.com/rust-lang/crates.io-index"
checksum = "b5eceaaeec696539ddaf7b333340f1af35a5aa87ae3e4f3ead0532f72affab2e"
dependencies = [
 "bytemuck",
 "cfg-if",
 "crunchy",
 "num-traits",
]

[[package]]
name = "heck"
version = "0.4.1"
source = "registry+https://github.com/rust-lang/crates.io-index"
checksum = "95505c38b4572b2d910cecb0281560f54b440a19336cbbcb27bf6ce6adc6f5a8"

[[package]]
name = "indoc"
version = "2.0.4"
source = "registry+https://github.com/rust-lang/crates.io-index"
checksum = "1e186cfbae8084e513daff4240b4797e342f988cecda4fb6c939150f96315fd8"

[[package]]
name = "itertools"
version = "0.12.1"
source = "registry+https://github.com/rust-lang/crates.io-index"
checksum = "ba291022dbbd398a455acf126c1e341954079855bc60dfdda641363bd6922569"
dependencies = [
 "either",
]

[[package]]
name = "libc"
version = "0.2.153"
source = "registry+https://github.com/rust-lang/crates.io-index"
checksum = "9c198f91728a82281a64e1f4f9eeb25d82cb32a5de251c6bd1b5154d63a8e7bd"

[[package]]
name = "libm"
version = "0.2.8"
source = "registry+https://github.com/rust-lang/crates.io-index"
checksum = "4ec2a862134d2a7d32d7983ddcdd1c4923530833c9f2ea1a44fc5fa473989058"

[[package]]
name = "lock_api"
version = "0.4.11"
source = "registry+https://github.com/rust-lang/crates.io-index"
checksum = "3c168f8615b12bc01f9c17e2eb0cc07dcae1940121185446edc3744920e8ef45"
dependencies = [
 "autocfg",
 "scopeguard",
]

[[package]]
name = "matrixmultiply"
version = "0.3.8"
source = "registry+https://github.com/rust-lang/crates.io-index"
checksum = "7574c1cf36da4798ab73da5b215bbf444f50718207754cb522201d78d1cd0ff2"
dependencies = [
 "autocfg",
 "rawpointer",
]

[[package]]
name = "memchr"
version = "2.7.1"
source = "registry+https://github.com/rust-lang/crates.io-index"
checksum = "523dc4f511e55ab87b694dc30d0f820d60906ef06413f93d4d7a1385599cc149"

[[package]]
name = "memoffset"
version = "0.9.0"
source = "registry+https://github.com/rust-lang/crates.io-index"
checksum = "5a634b1c61a95585bd15607c6ab0c4e5b226e695ff2800ba0cdccddf208c406c"
dependencies = [
 "autocfg",
]

[[package]]
name = "ndarray"
version = "0.15.6"
source = "registry+https://github.com/rust-lang/crates.io-index"
checksum = "adb12d4e967ec485a5f71c6311fe28158e9d6f4bc4a447b474184d0f91a8fa32"
dependencies = [
 "matrixmultiply",
 "num-complex",
 "num-integer",
 "num-traits",
 "rawpointer",
]

[[package]]
name = "normalize-line-endings"
version = "0.3.0"
source = "registry+https://github.com/rust-lang/crates.io-index"
checksum = "61807f77802ff30975e01f4f071c8ba10c022052f98b3294119f3e615d13e5be"

[[package]]
name = "num-complex"
version = "0.4.5"
source = "registry+https://github.com/rust-lang/crates.io-index"
checksum = "23c6602fda94a57c990fe0df199a035d83576b496aa29f4e634a8ac6004e68a6"
dependencies = [
 "bytemuck",
 "num-traits",
]

[[package]]
name = "num-integer"
version = "0.1.46"
source = "registry+https://github.com/rust-lang/crates.io-index"
checksum = "7969661fd2958a5cb096e56c8e1ad0444ac2bbcd0061bd28660485a44879858f"
dependencies = [
 "num-traits",
]

[[package]]
name = "num-traits"
version = "0.2.18"
source = "registry+https://github.com/rust-lang/crates.io-index"
checksum = "da0df0e5185db44f69b44f26786fe401b6c293d1907744beaa7fa62b2e5a517a"
dependencies = [
 "autocfg",
 "libm",
]

[[package]]
name = "numpy"
version = "0.20.0"
source = "registry+https://github.com/rust-lang/crates.io-index"
checksum = "bef41cbb417ea83b30525259e30ccef6af39b31c240bda578889494c5392d331"
dependencies = [
 "libc",
 "ndarray",
 "num-complex",
 "num-integer",
 "num-traits",
 "pyo3",
 "rustc-hash",
]

[[package]]
name = "once_cell"
version = "1.19.0"
source = "registry+https://github.com/rust-lang/crates.io-index"
checksum = "3fdb12b2476b595f9358c5161aa467c2438859caa136dec86c26fdd2efe17b92"

[[package]]
name = "parking_lot"
version = "0.12.1"
source = "registry+https://github.com/rust-lang/crates.io-index"
checksum = "3742b2c103b9f06bc9fff0a37ff4912935851bee6d36f3c02bcc755bcfec228f"
dependencies = [
 "lock_api",
 "parking_lot_core",
]

[[package]]
name = "parking_lot_core"
version = "0.9.9"
source = "registry+https://github.com/rust-lang/crates.io-index"
checksum = "4c42a9226546d68acdd9c0a280d17ce19bfe27a46bf68784e4066115788d008e"
dependencies = [
 "cfg-if",
 "libc",
 "redox_syscall",
 "smallvec",
 "windows-targets 0.48.5",
]

[[package]]
name = "paste"
version = "1.0.14"
source = "registry+https://github.com/rust-lang/crates.io-index"
checksum = "de3145af08024dea9fa9914f381a17b8fc6034dfb00f3a84013f7ff43f29ed4c"

[[package]]
name = "portable-atomic"
version = "1.6.0"
source = "registry+https://github.com/rust-lang/crates.io-index"
checksum = "7170ef9988bc169ba16dd36a7fa041e5c4cbeb6a35b76d4c03daded371eae7c0"

[[package]]
name = "ppv-lite86"
version = "0.2.17"
source = "registry+https://github.com/rust-lang/crates.io-index"
checksum = "5b40af805b3121feab8a3c29f04d8ad262fa8e0561883e7653e024ae4479e6de"

[[package]]
name = "predicates"
version = "3.1.0"
source = "registry+https://github.com/rust-lang/crates.io-index"
checksum = "68b87bfd4605926cdfefc1c3b5f8fe560e3feca9d5552cf68c466d3d8236c7e8"
dependencies = [
 "anstyle",
 "difflib",
 "float-cmp",
 "normalize-line-endings",
 "predicates-core",
 "regex",
]

[[package]]
name = "predicates-core"
version = "1.0.6"
source = "registry+https://github.com/rust-lang/crates.io-index"
checksum = "b794032607612e7abeb4db69adb4e33590fa6cf1149e95fd7cb00e634b92f174"

[[package]]
name = "predicates-tree"
version = "1.0.9"
source = "registry+https://github.com/rust-lang/crates.io-index"
checksum = "368ba315fb8c5052ab692e68a0eefec6ec57b23a36959c14496f0b0df2c0cecf"
dependencies = [
 "predicates-core",
 "termtree",
]

[[package]]
name = "proc-macro2"
version = "1.0.78"
source = "registry+https://github.com/rust-lang/crates.io-index"
checksum = "e2422ad645d89c99f8f3e6b88a9fdeca7fabeac836b1002371c4367c8f984aae"
dependencies = [
 "unicode-ident",
]

[[package]]
name = "pulp"
version = "0.18.8"
source = "registry+https://github.com/rust-lang/crates.io-index"
checksum = "091bad01115892393939669b38f88ff2b70838e969a7ac172a9d06d05345a732"
dependencies = [
 "bytemuck",
 "libm",
 "num-complex",
 "reborrow",
]

[[package]]
name = "pyo3"
version = "0.20.3"
source = "registry+https://github.com/rust-lang/crates.io-index"
checksum = "53bdbb96d49157e65d45cc287af5f32ffadd5f4761438b527b055fb0d4bb8233"
dependencies = [
 "cfg-if",
 "indoc",
 "libc",
 "memoffset",
 "parking_lot",
 "portable-atomic",
 "pyo3-build-config",
 "pyo3-ffi",
 "pyo3-macros",
 "unindent",
]

[[package]]
name = "pyo3-build-config"
version = "0.20.3"
source = "registry+https://github.com/rust-lang/crates.io-index"
checksum = "deaa5745de3f5231ce10517a1f5dd97d53e5a2fd77aa6b5842292085831d48d7"
dependencies = [
 "once_cell",
 "target-lexicon",
]

[[package]]
name = "pyo3-ffi"
version = "0.20.3"
source = "registry+https://github.com/rust-lang/crates.io-index"
checksum = "62b42531d03e08d4ef1f6e85a2ed422eb678b8cd62b762e53891c05faf0d4afa"
dependencies = [
 "libc",
 "pyo3-build-config",
]

[[package]]
name = "pyo3-macros"
version = "0.20.3"
source = "registry+https://github.com/rust-lang/crates.io-index"
checksum = "7305c720fa01b8055ec95e484a6eca7a83c841267f0dd5280f0c8b8551d2c158"
dependencies = [
 "proc-macro2",
 "pyo3-macros-backend",
 "quote",
 "syn",
]

[[package]]
name = "pyo3-macros-backend"
version = "0.20.3"
source = "registry+https://github.com/rust-lang/crates.io-index"
checksum = "7c7e9b68bb9c3149c5b0cade5d07f953d6d125eb4337723c4ccdb665f1f96185"
dependencies = [
 "heck",
 "proc-macro2",
 "pyo3-build-config",
 "quote",
 "syn",
]

[[package]]
name = "pyo3_bindgen"
version = "0.4.0"
source = "registry+https://github.com/rust-lang/crates.io-index"
checksum = "466c2054577a576afb54e0667251bc4e48fbf4d74f8142c694d959cf0bc894c6"
dependencies = [
 "pyo3",
 "pyo3_bindgen_engine",
 "pyo3_bindgen_macros",
]

[[package]]
name = "pyo3_bindgen_engine"
version = "0.4.0"
source = "registry+https://github.com/rust-lang/crates.io-index"
checksum = "f6c4043bcafb0075c4bc52477857baf05d3e216234a30a029d5e5f8753e7bcb2"
dependencies = [
 "itertools",
 "proc-macro2",
 "pyo3",
 "pyo3-build-config",
 "quote",
 "rustc-hash",
 "syn",
 "thiserror",
 "typed-builder",
]

[[package]]
name = "pyo3_bindgen_macros"
version = "0.4.0"
source = "registry+https://github.com/rust-lang/crates.io-index"
checksum = "b74d27f324f0f479beca1fd1f09dc415bd29d698f2b54ebcd376dc696b50b544"
dependencies = [
 "libc",
 "pyo3",
 "pyo3-build-config",
 "pyo3_bindgen_engine",
 "syn",
]

[[package]]
name = "quote"
version = "1.0.35"
source = "registry+https://github.com/rust-lang/crates.io-index"
checksum = "291ec9ab5efd934aaf503a6466c5d5251535d108ee747472c3977cc5acc868ef"
dependencies = [
 "proc-macro2",
]

[[package]]
name = "rand"
version = "0.8.5"
source = "registry+https://github.com/rust-lang/crates.io-index"
checksum = "34af8d1a0e25924bc5b7c43c079c942339d8f0a8b57c39049bef581b46327404"
dependencies = [
 "libc",
 "rand_chacha",
 "rand_core",
]

[[package]]
name = "rand_chacha"
version = "0.3.1"
source = "registry+https://github.com/rust-lang/crates.io-index"
checksum = "e6c10a63a0fa32252be49d21e7709d4d4baf8d231c2dbce1eaa8141b9b127d88"
dependencies = [
 "ppv-lite86",
 "rand_core",
]

[[package]]
name = "rand_core"
version = "0.6.4"
source = "registry+https://github.com/rust-lang/crates.io-index"
checksum = "ec0be4795e2f6a28069bec0b5ff3e2ac9bafc99e6a9a7dc3547996c5c816922c"
dependencies = [
 "getrandom",
]

[[package]]
name = "rand_distr"
version = "0.4.3"
source = "registry+https://github.com/rust-lang/crates.io-index"
checksum = "32cb0b9bc82b0a0876c2dd994a7e7a2683d3e7390ca40e6886785ef0c7e3ee31"
dependencies = [
 "num-traits",
 "rand",
]

[[package]]
name = "raw-cpuid"
version = "10.7.0"
source = "registry+https://github.com/rust-lang/crates.io-index"
checksum = "6c297679cb867470fa8c9f67dbba74a78d78e3e98d7cf2b08d6d71540f797332"
dependencies = [
 "bitflags",
]

[[package]]
name = "rawpointer"
version = "0.2.1"
source = "registry+https://github.com/rust-lang/crates.io-index"
checksum = "60a357793950651c4ed0f3f52338f53b2f809f32d83a07f72909fa13e4c6c1e3"

[[package]]
name = "rayon"
version = "1.9.0"
source = "registry+https://github.com/rust-lang/crates.io-index"
checksum = "e4963ed1bc86e4f3ee217022bd855b297cef07fb9eac5dfa1f788b220b49b3bd"
dependencies = [
 "either",
 "rayon-core",
]

[[package]]
name = "rayon-core"
version = "1.12.1"
source = "registry+https://github.com/rust-lang/crates.io-index"
checksum = "1465873a3dfdaa8ae7cb14b4383657caab0b3e8a0aa9ae8e04b044854c8dfce2"
dependencies = [
 "crossbeam-deque",
 "crossbeam-utils",
]

[[package]]
name = "reborrow"
version = "0.5.5"
source = "registry+https://github.com/rust-lang/crates.io-index"
checksum = "03251193000f4bd3b042892be858ee50e8b3719f2b08e5833ac4353724632430"

[[package]]
name = "redox_syscall"
version = "0.4.1"
source = "registry+https://github.com/rust-lang/crates.io-index"
checksum = "4722d768eff46b75989dd134e5c353f0d6296e5aaa3132e776cbdb56be7731aa"
dependencies = [
 "bitflags",
]

[[package]]
name = "regex"
version = "1.10.3"
source = "registry+https://github.com/rust-lang/crates.io-index"
checksum = "b62dbe01f0b06f9d8dc7d49e05a0785f153b00b2c227856282f671e0318c9b15"
dependencies = [
 "aho-corasick",
 "memchr",
 "regex-automata",
 "regex-syntax",
]

[[package]]
name = "regex-automata"
version = "0.4.6"
source = "registry+https://github.com/rust-lang/crates.io-index"
checksum = "86b83b8b9847f9bf95ef68afb0b8e6cdb80f498442f5179a29fad448fcc1eaea"
dependencies = [
 "aho-corasick",
 "memchr",
 "regex-syntax",
]

[[package]]
name = "regex-syntax"
version = "0.8.2"
source = "registry+https://github.com/rust-lang/crates.io-index"
checksum = "c08c74e62047bb2de4ff487b251e4a92e24f48745648451635cec7d591162d9f"

[[package]]
name = "rustc-hash"
version = "1.1.0"
source = "registry+https://github.com/rust-lang/crates.io-index"
checksum = "08d43f7aa6b08d49f382cde6a7982047c3426db949b1424bc4b7ec9ae12c6ce2"

[[package]]
name = "scopeguard"
version = "1.2.0"
source = "registry+https://github.com/rust-lang/crates.io-index"
checksum = "94143f37725109f92c262ed2cf5e59bce7498c01bcc1502d7b9afe439a4e9f49"

[[package]]
name = "seq-macro"
version = "0.3.5"
source = "registry+https://github.com/rust-lang/crates.io-index"
checksum = "a3f0bf26fd526d2a95683cd0f87bf103b8539e2ca1ef48ce002d67aad59aa0b4"

[[package]]
name = "serde"
version = "1.0.197"
source = "registry+https://github.com/rust-lang/crates.io-index"
checksum = "3fb1c873e1b9b056a4dc4c0c198b24c3ffa059243875552b2bd0933b1aee4ce2"
dependencies = [
 "serde_derive",
]

[[package]]
name = "serde_derive"
version = "1.0.197"
source = "registry+https://github.com/rust-lang/crates.io-index"
checksum = "7eb0b34b42edc17f6b7cac84a52a1c5f0e1bb2227e997ca9011ea3dd34e8610b"
dependencies = [
 "proc-macro2",
 "quote",
 "syn",
]

[[package]]
name = "smallvec"
version = "1.13.1"
source = "registry+https://github.com/rust-lang/crates.io-index"
checksum = "e6ecd384b10a64542d77071bd64bd7b231f4ed5940fba55e98c3de13824cf3d7"

[[package]]
name = "strsim"
version = "0.11.0"
source = "registry+https://github.com/rust-lang/crates.io-index"
checksum = "5ee073c9e4cd00e28217186dbe12796d692868f432bf2e97ee73bed0c56dfa01"

[[package]]
name = "syn"
version = "2.0.52"
source = "registry+https://github.com/rust-lang/crates.io-index"
checksum = "b699d15b36d1f02c3e7c69f8ffef53de37aefae075d8488d4ba1a7788d574a07"
dependencies = [
 "proc-macro2",
 "quote",
 "unicode-ident",
]

[[package]]
name = "target-lexicon"
version = "0.12.14"
source = "registry+https://github.com/rust-lang/crates.io-index"
checksum = "e1fc403891a21bcfb7c37834ba66a547a8f402146eba7265b5a6d88059c9ff2f"

[[package]]
name = "termtree"
version = "0.4.1"
source = "registry+https://github.com/rust-lang/crates.io-index"
checksum = "3369f5ac52d5eb6ab48c6b4ffdc8efbcad6b89c765749064ba298f2c68a16a76"

[[package]]
name = "thiserror"
version = "1.0.57"
source = "registry+https://github.com/rust-lang/crates.io-index"
checksum = "1e45bcbe8ed29775f228095caf2cd67af7a4ccf756ebff23a306bf3e8b47b24b"
dependencies = [
 "thiserror-impl",
]

[[package]]
name = "thiserror-impl"
version = "1.0.57"
source = "registry+https://github.com/rust-lang/crates.io-index"
checksum = "a953cb265bef375dae3de6663da4d3804eee9682ea80d8e2542529b73c531c81"
dependencies = [
 "proc-macro2",
 "quote",
 "syn",
]

[[package]]
name = "typed-builder"
version = "0.18.1"
source = "registry+https://github.com/rust-lang/crates.io-index"
checksum = "444d8748011b93cb168770e8092458cb0f8854f931ff82fdf6ddfbd72a9c933e"
dependencies = [
 "typed-builder-macro",
]

[[package]]
name = "typed-builder-macro"
version = "0.18.1"
source = "registry+https://github.com/rust-lang/crates.io-index"
checksum = "563b3b88238ec95680aef36bdece66896eaa7ce3c0f1b4f39d38fb2435261352"
dependencies = [
 "proc-macro2",
 "quote",
 "syn",
]

[[package]]
name = "unicode-ident"
version = "1.0.12"
source = "registry+https://github.com/rust-lang/crates.io-index"
checksum = "3354b9ac3fae1ff6755cb6db53683adb661634f67557942dea4facebec0fee4b"

[[package]]
name = "unindent"
version = "0.2.3"
source = "registry+https://github.com/rust-lang/crates.io-index"
checksum = "c7de7d73e1754487cb58364ee906a499937a0dfabd86bcb980fa99ec8c8fa2ce"

[[package]]
name = "utf8parse"
version = "0.2.1"
source = "registry+https://github.com/rust-lang/crates.io-index"
checksum = "711b9620af191e0cdc7468a8d14e709c3dcdb115b36f838e601583af800a370a"

[[package]]
name = "wait-timeout"
version = "0.2.0"
source = "registry+https://github.com/rust-lang/crates.io-index"
checksum = "9f200f5b12eb75f8c1ed65abd4b2db8a6e1b138a20de009dacee265a2498f3f6"
dependencies = [
 "libc",
]

[[package]]
name = "wasi"
version = "0.11.0+wasi-snapshot-preview1"
source = "registry+https://github.com/rust-lang/crates.io-index"
checksum = "9c8d87e72b64a3b4db28d11ce29237c246188f4f51057d65a7eab63b7987e423"

[[package]]
name = "windows-sys"
version = "0.52.0"
source = "registry+https://github.com/rust-lang/crates.io-index"
checksum = "282be5f36a8ce781fad8c8ae18fa3f9beff57ec1b52cb3de0789201425d9a33d"
dependencies = [
 "windows-targets 0.52.4",
]

[[package]]
name = "windows-targets"
version = "0.48.5"
source = "registry+https://github.com/rust-lang/crates.io-index"
checksum = "9a2fa6e2155d7247be68c096456083145c183cbbbc2764150dda45a87197940c"
dependencies = [
 "windows_aarch64_gnullvm 0.48.5",
 "windows_aarch64_msvc 0.48.5",
 "windows_i686_gnu 0.48.5",
 "windows_i686_msvc 0.48.5",
 "windows_x86_64_gnu 0.48.5",
 "windows_x86_64_gnullvm 0.48.5",
 "windows_x86_64_msvc 0.48.5",
]

[[package]]
name = "windows-targets"
version = "0.52.4"
source = "registry+https://github.com/rust-lang/crates.io-index"
checksum = "7dd37b7e5ab9018759f893a1952c9420d060016fc19a472b4bb20d1bdd694d1b"
dependencies = [
 "windows_aarch64_gnullvm 0.52.4",
 "windows_aarch64_msvc 0.52.4",
 "windows_i686_gnu 0.52.4",
 "windows_i686_msvc 0.52.4",
 "windows_x86_64_gnu 0.52.4",
 "windows_x86_64_gnullvm 0.52.4",
 "windows_x86_64_msvc 0.52.4",
]

[[package]]
name = "windows_aarch64_gnullvm"
version = "0.48.5"
source = "registry+https://github.com/rust-lang/crates.io-index"
checksum = "2b38e32f0abccf9987a4e3079dfb67dcd799fb61361e53e2882c3cbaf0d905d8"

[[package]]
name = "windows_aarch64_gnullvm"
version = "0.52.4"
source = "registry+https://github.com/rust-lang/crates.io-index"
checksum = "bcf46cf4c365c6f2d1cc93ce535f2c8b244591df96ceee75d8e83deb70a9cac9"

[[package]]
name = "windows_aarch64_msvc"
version = "0.48.5"
source = "registry+https://github.com/rust-lang/crates.io-index"
checksum = "dc35310971f3b2dbbf3f0690a219f40e2d9afcf64f9ab7cc1be722937c26b4bc"

[[package]]
name = "windows_aarch64_msvc"
version = "0.52.4"
source = "registry+https://github.com/rust-lang/crates.io-index"
checksum = "da9f259dd3bcf6990b55bffd094c4f7235817ba4ceebde8e6d11cd0c5633b675"

[[package]]
name = "windows_i686_gnu"
version = "0.48.5"
source = "registry+https://github.com/rust-lang/crates.io-index"
checksum = "a75915e7def60c94dcef72200b9a8e58e5091744960da64ec734a6c6e9b3743e"

[[package]]
name = "windows_i686_gnu"
version = "0.52.4"
source = "registry+https://github.com/rust-lang/crates.io-index"
checksum = "b474d8268f99e0995f25b9f095bc7434632601028cf86590aea5c8a5cb7801d3"

[[package]]
name = "windows_i686_msvc"
version = "0.48.5"
source = "registry+https://github.com/rust-lang/crates.io-index"
checksum = "8f55c233f70c4b27f66c523580f78f1004e8b5a8b659e05a4eb49d4166cca406"

[[package]]
name = "windows_i686_msvc"
version = "0.52.4"
source = "registry+https://github.com/rust-lang/crates.io-index"
checksum = "1515e9a29e5bed743cb4415a9ecf5dfca648ce85ee42e15873c3cd8610ff8e02"

[[package]]
name = "windows_x86_64_gnu"
version = "0.48.5"
source = "registry+https://github.com/rust-lang/crates.io-index"
checksum = "53d40abd2583d23e4718fddf1ebec84dbff8381c07cae67ff7768bbf19c6718e"

[[package]]
name = "windows_x86_64_gnu"
version = "0.52.4"
source = "registry+https://github.com/rust-lang/crates.io-index"
checksum = "5eee091590e89cc02ad514ffe3ead9eb6b660aedca2183455434b93546371a03"

[[package]]
name = "windows_x86_64_gnullvm"
version = "0.48.5"
source = "registry+https://github.com/rust-lang/crates.io-index"
checksum = "0b7b52767868a23d5bab768e390dc5f5c55825b6d30b86c844ff2dc7414044cc"

[[package]]
name = "windows_x86_64_gnullvm"
version = "0.52.4"
source = "registry+https://github.com/rust-lang/crates.io-index"
checksum = "77ca79f2451b49fa9e2af39f0747fe999fcda4f5e241b2898624dca97a1f2177"

[[package]]
name = "windows_x86_64_msvc"
version = "0.48.5"
source = "registry+https://github.com/rust-lang/crates.io-index"
checksum = "ed94fce61571a4006852b7389a063ab983c02eb1bb37b47f8272ce92d06d9538"

[[package]]
name = "windows_x86_64_msvc"
version = "0.52.4"
source = "registry+https://github.com/rust-lang/crates.io-index"
checksum = "32b752e52a2da0ddfbdbcc6fceadfeede4c939ed16d13e648833a61dfb611ed8"
